<?xml version="1.0" encoding="utf-8"?>
<Project ToolsVersion="17.0" xmlns="http://schemas.microsoft.com/developer/msbuild/2003">
  <ItemGroup>
    <ClCompile Include="C:\Git\sem2lab1\CloneCMake2\TheSecondLab.cpp">
      <Filter>Source Files</Filter>
    </ClCompile>
  </ItemGroup>
  <ItemGroup>
    <CustomBuild Include="C:\Git\sem2lab1\CloneCMake2\CMakeLists.txt" />
  </ItemGroup>
  <ItemGroup>
    <Filter Include="Source Files">
      <UniqueIdentifier>{820572EC-7F77-3CB6-9E87-C40F94E33F48}</UniqueIdentifier>
    </Filter>
  </ItemGroup>
</Project>
